
Microsoft Visual Studio Solution File, Format Version 12.00
# Visual Studio Version 17
VisualStudioVersion = 17.5.33530.505
MinimumVisualStudioVersion = 10.0.40219.1
Project("{FAE04EC0-301F-11D3-BF4B-00C04F79EFBC}") = "TALWebAPI", "TALWebAPI.csproj", "{3523665F-C5FB-4EC8-B15A-11991B7C697C}"
EndProject
Global
	GlobalSection(SolutionConfigurationPlatforms) = preSolution
		Debug|Any CPU = Debug|Any CPU
		Release|Any CPU = Release|Any CPU
	EndGlobalSection
	GlobalSection(ProjectConfigurationPlatforms) = postSolution
		{3523665F-C5FB-4EC8-B15A-11991B7C697C}.Debug|Any CPU.ActiveCfg = Debug|Any CPU
		{3523665F-C5FB-4EC8-B15A-11991B7C697C}.Debug|Any CPU.Build.0 = Debug|Any CPU
		{3523665F-C5FB-4EC8-B15A-11991B7C697C}.Release|Any CPU.ActiveCfg = Release|Any CPU
		{3523665F-C5FB-4EC8-B15A-11991B7C697C}.Release|Any CPU.Build.0 = Release|Any CPU
	EndGlobalSection
	GlobalSection(SolutionProperties) = preSolution
		HideSolutionNode = FALSE
	EndGlobalSection
	GlobalSection(ExtensibilityGlobals) = postSolution
		SolutionGuid = {F671E984-A8C4-4A30-832A-999B1D0C8F74}
	EndGlobalSection
EndGlobal
